
Microsoft Visual Studio Solution File, Format Version 12.00
# Visual Studio Version 17
VisualStudioVersion = 17.5.33414.496
MinimumVisualStudioVersion = 10.0.40219.1
Project("{FAE04EC0-301F-11D3-BF4B-00C04F79EFBC}") = "Prova", "Prova\Prova.csproj", "{9F57D26D-18D3-45C4-9105-8CD260BE629A}"
EndProject
Global
	GlobalSection(SolutionConfigurationPlatforms) = preSolution
		Debug|Any CPU = Debug|Any CPU
		Release|Any CPU = Release|Any CPU
	EndGlobalSection
	GlobalSection(ProjectConfigurationPlatforms) = postSolution
		{9F57D26D-18D3-45C4-9105-8CD260BE629A}.Debug|Any CPU.ActiveCfg = Debug|Any CPU
		{9F57D26D-18D3-45C4-9105-8CD260BE629A}.Debug|Any CPU.Build.0 = Debug|Any CPU
		{9F57D26D-18D3-45C4-9105-8CD260BE629A}.Release|Any CPU.ActiveCfg = Release|Any CPU
		{9F57D26D-18D3-45C4-9105-8CD260BE629A}.Release|Any CPU.Build.0 = Release|Any CPU
	EndGlobalSection
	GlobalSection(SolutionProperties) = preSolution
		HideSolutionNode = FALSE
	EndGlobalSection
	GlobalSection(ExtensibilityGlobals) = postSolution
		SolutionGuid = {E0AA4CBE-E75C-49FA-B067-D721E334CDAE}
	EndGlobalSection
EndGlobal
